
Microsoft Visual Studio Solution File, Format Version 12.00
# Visual Studio Version 17
VisualStudioVersion = 17.14.36616.10 d17.14
MinimumVisualStudioVersion = 10.0.40219.1
Project("{FAE04EC0-301F-11D3-BF4B-00C04F79EFBC}") = "CampusPulsePrototype", "CampusPulsePrototype\CampusPulsePrototype.csproj", "{BE119EAC-A889-47D5-AEBD-1CEEA77A3EEB}"
EndProject
Global
	GlobalSection(SolutionConfigurationPlatforms) = preSolution
		Debug|Any CPU = Debug|Any CPU
		Release|Any CPU = Release|Any CPU
	EndGlobalSection
	GlobalSection(ProjectConfigurationPlatforms) = postSolution
		{BE119EAC-A889-47D5-AEBD-1CEEA77A3EEB}.Debug|Any CPU.ActiveCfg = Debug|Any CPU
		{BE119EAC-A889-47D5-AEBD-1CEEA77A3EEB}.Debug|Any CPU.Build.0 = Debug|Any CPU
		{BE119EAC-A889-47D5-AEBD-1CEEA77A3EEB}.Release|Any CPU.ActiveCfg = Release|Any CPU
		{BE119EAC-A889-47D5-AEBD-1CEEA77A3EEB}.Release|Any CPU.Build.0 = Release|Any CPU
	EndGlobalSection
	GlobalSection(SolutionProperties) = preSolution
		HideSolutionNode = FALSE
	EndGlobalSection
	GlobalSection(ExtensibilityGlobals) = postSolution
		SolutionGuid = {AD26439C-2766-4A82-BAFC-61CBE1F95870}
	EndGlobalSection
EndGlobal
